# This file is autogenerated, do not edit; changes may be undone by the next 'dep ensure'.


[[projects]]
  digest = "1:c9c336ca4936411a991d81f976dac8abf277ac7fd9d1c8ef706e94fc7948a0f7"
  name = "github.com/Microsoft/go-winio"
  packages = ["."]
  pruneopts = ""
  revision = "78439966b38d69bf38227fbf57ac8a6fee70f69a"
  version = "v0.4.5"

[[projects]]
  branch = "master"
  digest = "1:475592072c88901e7dbed07487b524c37f3cec5ca1adfba5223190e5d48d1c5c"
  name = "github.com/ccding/go-config-reader"
  packages = ["config"]
  pruneopts = ""
  revision = "8b6c2b50197f20da3b1c5944c274c173634dc056"

[[projects]]
  digest = "1:bd666860c4aeac898c47433b1aedbe6f77d0f52f79967180774935ede3642708"
  name = "github.com/ccding/go-logging"
  packages = ["logging"]
  pruneopts = ""
  revision = "2e52dcfdd4e9fe9db620d2214c69746a4793ea83"
  version = "v0.2"

[[projects]]
  digest = "1:3731408297112a3a7d1b78b73d46de37f4381041fa9a708e8b797b0dfd742ddc"
  name = "github.com/cenkalti/hub"
  packages = ["."]
  pruneopts = ""
  revision = "11382a9960d39b0ecda16fd01c424c11ff765a34"

[[projects]]
  branch = "master"
  digest = "1:060d067422464d7af14175b0e5a4db43934ef76b905cdfc3a4237ff09f98cdc3"
  name = "github.com/cenkalti/rpc2"
  packages = [
    ".",
    "jsonrpc",
  ]
  pruneopts = ""
  revision = "c51a77e5f664b4a8a69bce4270d14204f94d51f9"

[[projects]]
  digest = "1:5fc6db95056f027c33df38134f69c4d11c668c97dd1fc868d0b8512f76825462"
  name = "github.com/coreos/go-systemd"
  packages = ["activation"]
  pruneopts = ""
  revision = "d2196463941895ee908e13531a23a39feb9e1243"
  version = "v15"

[[projects]]
  digest = "1:6641c89b97d87a7563d1cdf0d6a7433e268b4559b9f3dfb41212c92a25215bbb"
  name = "github.com/docker/distribution"
  packages = [
    "digestset",
    "reference",
  ]
  pruneopts = ""
  revision = "f4118485915abb8b163442717326597908eee6aa"

[[projects]]
  branch = "master"
  digest = "1:1a155b7f7aad121ec3c7ec9ce971e12b811aec57dd7cc44f861409ce12c0266b"
  name = "github.com/docker/docker"
  packages = [
    "api",
    "api/types",
    "api/types/blkiodev",
    "api/types/container",
    "api/types/events",
    "api/types/filters",
    "api/types/image",
    "api/types/mount",
    "api/types/network",
    "api/types/registry",
    "api/types/strslice",
    "api/types/swarm",
    "api/types/swarm/runtime",
    "api/types/time",
    "api/types/versions",
    "api/types/volume",
    "client",
    "pkg/plugins",
    "pkg/plugins/transport",
  ]
  pruneopts = ""
  revision = "c345c53859a7197deb4722ad4ca5c4a45fab7074"

[[projects]]
  digest = "1:a5ecc2e70260a87aa263811281465a5effcfae8a54bac319cee87c4625f04d63"
  name = "github.com/docker/go-connections"
  packages = [
    "nat",
    "sockets",
    "tlsconfig",
  ]
  pruneopts = ""
  revision = "3ede32e2033de7505e6500d6c868c2b9ed9f169d"
  version = "v0.3.0"

[[projects]]
  branch = "master"
  digest = "1:5ce644950ec5b0328a1190fedae46bea82f749f6c9ca4a67e242f3d72ec081a1"
  name = "github.com/docker/go-plugins-helpers"
  packages = [
    "ipam",
    "network",
    "sdk",
  ]
  pruneopts = ""
  revision = "bd8c600f0cdd76c7a57ff6aa86bd2b423868c688"

[[projects]]
  digest = "1:a406cae5eda48c01f8171bd47beb038751393f25ac06774ce04f9d6b0b703f17"
  name = "github.com/docker/go-units"
  packages = ["."]
  pruneopts = ""
  revision = "0dadbb0345b35ec7ef35e228dabb8de89a65bf52"
  version = "v0.3.2"

[[projects]]
  digest = "1:787c7223ab1809c439c9575522ce179258ed34e66769335a3da485e504e4e9dc"
  name = "github.com/docker/libnetwork"
  packages = [
    "ipamapi",
    "types",
  ]
  pruneopts = ""
  revision = "1ee720e18fe98dceda6039bdd005ffbcb359d343"
  version = "v0.5.6"

[[projects]]
  digest = "1:70a80170917a15e1ff02faab5f9e716e945e0676e86599ba144d38f96e30c3bf"
  name = "github.com/gogo/protobuf"
  packages = ["proto"]
  pruneopts = ""
  revision = "342cbe0a04158f6dcb03ca0079991a51a4248c02"
  version = "v0.5"

[[projects]]
  branch = "master"
  digest = "1:107b233e45174dbab5b1324201d092ea9448e58243ab9f039e4c0f332e121e3a"
  name = "github.com/golang/glog"
  packages = ["."]
  pruneopts = ""
  revision = "23def4e6c14b4da8ac2ed8007337bc5eb5007998"

[[projects]]
  branch = "master"
  digest = "1:2c5ad58492804c40bdaf5d92039b0cde8b5becd2b7feeb37d7d1cc36a8aa8dbe"
  name = "github.com/kardianos/osext"
  packages = ["."]
  pruneopts = ""
  revision = "ae77be60afb1dcacde03767a8c37337fad28ac14"

[[projects]]
  branch = "master"
  digest = "1:30a2adc78c422ebd23aac9cfece529954d5eacf9ddbe37345f2a17439f8fa849"
  name = "github.com/mitchellh/mapstructure"
  packages = ["."]
  pruneopts = ""
  revision = "06020f85339e21b2478f756a78e295255ffa4d6a"

[[projects]]
  branch = "master"
  digest = "1:1ef5d01edfcd89ad7425ebaa2f3f3f497cfcad996a7356019aad7beda1203dc8"
  name = "github.com/nuagenetworks/go-bambou"
  packages = ["bambou"]
  pruneopts = ""
  revision = "764c339e604515830390a3111c7dee3fef792b50"

[[projects]]
  branch = "master"
  digest = "1:ce1b651190676a40887a1a3cd3cfdb2f14de885071d4fdee754e308f326aafd2"
  name = "github.com/nuagenetworks/libvrsdk"
  packages = [
    "api",
    "api/entity",
    "api/port",
    "ovsdb",
    "test/util",
  ]
  pruneopts = ""
  revision = "040a718b3509314ecb3278290ef1f6eca077c0eb"

[[projects]]
  digest = "1:28991d38727ae057116b4cfc8c5b1b60d812e10c97a6fdabd7e0a30bca40051c"
  name = "github.com/nuagenetworks/vspk-go"
  packages = ["vspk"]
  pruneopts = ""
  revision = "c660dc9da3993d8b4448035eca2143a538c03cc5"
  version = "v6.0.3"

[[projects]]
  digest = "1:5d9b668b0b4581a978f07e7d2e3314af18eb27b3fb5d19b70185b7c575723d11"
  name = "github.com/opencontainers/go-digest"
  packages = ["."]
  pruneopts = ""
  revision = "279bed98673dd5bef374d3b6e4b09e2af76183bf"
  version = "v1.0.0-rc1"

[[projects]]
  digest = "1:f26c8670b11e29a49c8e45f7ec7f2d5bac62e8fd4e3c0ae1662baa4a697f984a"
  name = "github.com/opencontainers/image-spec"
  packages = [
    "specs-go",
    "specs-go/v1",
  ]
  pruneopts = ""
  revision = "d60099175f88c47cd379c4738d158884749ed235"
  version = "v1.0.1"

[[projects]]
  digest = "1:7365acd48986e205ccb8652cc746f09c8b7876030d53710ea6ef7d0bd0dcd7ca"
  name = "github.com/pkg/errors"
  packages = ["."]
  pruneopts = ""
  revision = "645ef00459ed84a119197bfb8d8205042c6df63d"
  version = "v0.8.0"

[[projects]]
  digest = "1:42a42c4bc67bed17f40fddf0f24d4403e25e7b96488456cf4248e6d16659d370"
  name = "github.com/sirupsen/logrus"
  packages = ["."]
  pruneopts = ""
  revision = "d682213848ed68c0a260ca37d6dd5ace8423f5ba"
  version = "v1.0.4"

[[projects]]
  branch = "master"
  digest = "1:f658cd07190238cd6a77539a4e8903301eab8daf564871586b50311d70182ec7"
  name = "github.com/socketplane/libovsdb"
  packages = ["."]
  pruneopts = ""
  revision = "4de3618546deba09d8875d719752db32bd4652c0"

[[projects]]
  branch = "master"
  digest = "1:14623c022349e81e999bd7557fc38e8d7be8f1d9f177ed73969c1193d40516f4"
  name = "github.com/vishvananda/netlink"
  packages = [
    ".",
    "nl",
  ]
  pruneopts = ""
  revision = "ad19ca1a4c3354d3fdc67eac04b1e459038d9474"

[[projects]]
  branch = "master"
  digest = "1:7e739a630da0238a2152251aa038a12c46aa077df9fba30470880a26c3bd9eef"
  name = "github.com/vishvananda/netns"
  packages = ["."]
  pruneopts = ""
  revision = "be1fbeda19366dea804f00efff2dd73a1642fdcc"

[[projects]]
  branch = "master"
  digest = "1:ff7dea5ad362112e8e360ee0dbfeace7b000e93947ae1f39634e7d41daef15a1"
  name = "golang.org/x/crypto"
  packages = ["ssh/terminal"]
  pruneopts = ""
  revision = "0fcca4842a8d74bfddc2c96a073bd2a4d2a7a2e8"

[[projects]]
  branch = "master"
  digest = "1:a9afbcb2b5dacde3889b77124be6abe68477a09c6da3df224cc74f5e180454e6"
  name = "golang.org/x/net"
  packages = [
    "context",
    "context/ctxhttp",
    "proxy",
  ]
  pruneopts = ""
  revision = "d866cfc389cec985d6fda2859936a575a55a3ab6"

[[projects]]
  branch = "master"
  digest = "1:134679482ac3fd5ecd60c1412510d52272e29e1085bf2dd2d7e79e2d1d38acc0"
  name = "golang.org/x/sys"
  packages = [
    "unix",
    "windows",
  ]
  pruneopts = ""
  revision = "83801418e1b59fb1880e363299581ee543af32ca"

[[projects]]
  digest = "1:11c58e19ff7ce22740423bb933f1ddca3bf575def40d5ac3437ec12871b1648b"
  name = "gopkg.in/natefinch/lumberjack.v2"
  packages = ["."]
  pruneopts = ""
  revision = "a96e63847dc3c67d17befa69c303767e2f84e54f"
  version = "v2.1"

[[projects]]
  branch = "v2"
  digest = "1:689ff977226f366347a2f3bf854c6317dcf5077a4f89ce58cd7c5326b8aeb5fd"
  name = "gopkg.in/yaml.v2"
  packages = ["."]
  pruneopts = ""
  revision = "c95af922eae69f190717a0b7148960af8c55a072"

[solve-meta]
  analyzer-name = "dep"
  analyzer-version = 1
  input-imports = [
    "github.com/docker/docker/api/types",
    "github.com/docker/docker/api/types/events",
    "github.com/docker/docker/api/types/filters",
    "github.com/docker/docker/client",
    "github.com/docker/docker/pkg/plugins",
    "github.com/docker/go-plugins-helpers/ipam",
    "github.com/docker/go-plugins-helpers/network",
    "github.com/docker/libnetwork/ipamapi",
    "github.com/mitchellh/mapstructure",
    "github.com/nuagenetworks/go-bambou/bambou",
    "github.com/nuagenetworks/libvrsdk/api",
    "github.com/nuagenetworks/libvrsdk/api/entity",
    "github.com/nuagenetworks/libvrsdk/api/port",
    "github.com/nuagenetworks/vspk-go/vspk",
    "github.com/sirupsen/logrus",
    "github.com/vishvananda/netlink",
    "golang.org/x/net/context",
    "gopkg.in/natefinch/lumberjack.v2",
    "gopkg.in/yaml.v2",
  ]
  solver-name = "gps-cdcl"
  solver-version = 1
